{
  "name": "gicu-3",
  "version": "1.0.0",
  "lockfileVersion": 2,
  "requires": true,
  "packages": {
    "": {
      "name": "gicu-3",
      "version": "1.0.0",
      "license": "ISC",
      "dependencies": {
        "convert-csv-to-json": "^1.3.3"
      }
    },
    "node_modules/convert-csv-to-json": {
      "version": "1.3.3",
      "resolved": "https://registry.npmjs.org/convert-csv-to-json/-/convert-csv-to-json-1.3.3.tgz",
      "integrity": "sha512-lIQrCmEw0GCywtVWeJ/AGv5hhSTPsMFdqOf9GcMtActqO2Gt8z1RZgfw9NBOll479cIPM6BqDOFC8R3W7bSwtA=="
    }
  },
  "dependencies": {
    "convert-csv-to-json": {
      "version": "1.3.3",
      "resolved": "https://registry.npmjs.org/convert-csv-to-json/-/convert-csv-to-json-1.3.3.tgz",
      "integrity": "sha512-lIQrCmEw0GCywtVWeJ/AGv5hhSTPsMFdqOf9GcMtActqO2Gt8z1RZgfw9NBOll479cIPM6BqDOFC8R3W7bSwtA=="
    }
  }
}
